
Microsoft Visual Studio Solution File, Format Version 12.00
# Visual Studio 15
VisualStudioVersion = 15.0.28307.106
MinimumVisualStudioVersion = 10.0.40219.1
Project("{FAE04EC0-301F-11D3-BF4B-00C04F79EFBC}") = "final project", "final project\final project.csproj", "{B5E91A2F-FB84-4732-B9B7-E097CF201692}"
EndProject
Global
	GlobalSection(SolutionConfigurationPlatforms) = preSolution
		Debug|Any CPU = Debug|Any CPU
		Release|Any CPU = Release|Any CPU
	EndGlobalSection
	GlobalSection(ProjectConfigurationPlatforms) = postSolution
		{B5E91A2F-FB84-4732-B9B7-E097CF201692}.Debug|Any CPU.ActiveCfg = Debug|Any CPU
		{B5E91A2F-FB84-4732-B9B7-E097CF201692}.Debug|Any CPU.Build.0 = Debug|Any CPU
		{B5E91A2F-FB84-4732-B9B7-E097CF201692}.Release|Any CPU.ActiveCfg = Release|Any CPU
		{B5E91A2F-FB84-4732-B9B7-E097CF201692}.Release|Any CPU.Build.0 = Release|Any CPU
	EndGlobalSection
	GlobalSection(SolutionProperties) = preSolution
		HideSolutionNode = FALSE
	EndGlobalSection
	GlobalSection(ExtensibilityGlobals) = postSolution
		SolutionGuid = {5117F32E-155C-4CB2-82F8-0884DDE02344}
	EndGlobalSection
EndGlobal
